{
    "_meta": {
        "hash": {
            "sha256": "ae2a9779eef614cbe735e0b1187990c7d1492cfcb303068738e0f7a599d740a7"
        },
        "pipfile-spec": 6,
        "requires": {
            "python_version": "3.7"
        },
        "sources": [
            {
                "name": "pypi",
                "url": "https://pypi.org/simple",
                "verify_ssl": true
            }
        ]
    },
    "default": {
        "appdirs": {
            "hashes": [
                "sha256:7d5d0167b2b1ba821647616af46a749d1c653740dd0d2415100fe26e27afdf41",
                "sha256:a841dacd6b99318a741b166adb07e19ee71a274450e68237b4650ca1055ab128"
            ],
            "version": "==1.4.4"
        },
        "beautifulsoup4": {
            "hashes": [
                "sha256:9a315ce70049920ea4572a4055bc4bd700c940521d36fc858205ad4fcde149bf",
                "sha256:c23ad23c521d818955a4151a67d81580319d4bf548d3d49f4223ae041ff98891"
            ],
            "markers": "python_version >= '3.1'",
            "version": "==4.10.0"
        },
        "certifi": {
            "hashes": [
                "sha256:78884e7c1d4b00ce3cea67b44566851c4343c120abd683433ce934a68ea58872",
                "sha256:d62a0163eb4c2344ac042ab2bdf75399a71a2d8c7d47eac2e2ee91b9d6339569"
            ],
            "version": "==2021.10.8"
        },
        "charset-normalizer": {
            "hashes": [
                "sha256:2842d8f5e82a1f6aa437380934d5e1cd4fcf2003b06fed6940769c164a480a45",
                "sha256:98398a9d69ee80548c762ba991a4728bfc3836768ed226b3945908d1a688371c"
            ],
            "markers": "python_version >= '3'",
            "version": "==2.0.11"
        },
        "commandlines": {
            "hashes": [
                "sha256:86b650b78470ac95966d7b1a9d215c16591bccb34b28ae2bb9026c3b4166fd64",
                "sha256:b7dbf71b8dec42c16e9694b87e0e121d288e5a40d5d4f0dd1c0651ab7af06837"
            ],
            "version": "==0.4.1"
        },
        "defcon": {
            "hashes": [
                "sha256:4f5e5ee4dde51a43f3bddd5ef7909a9e75faf0ef572f4292c7df6fdc7afe3584",
                "sha256:a009862a0bc3f41f2b1a1b1f80d6aeedb3a17ed77d598da09f5a1bd93e970b3c"
            ],
            "markers": "python_version >= '3.6'",
            "version": "==0.10.0"
        },
        "font-v": {
            "hashes": [
                "sha256:5c7dca0604a7ddf04633502c792364f3e1027d8fce4e44ffb8014ae38466bdd0",
                "sha256:a53372afbbec290f244065b7d969a7f84d22716a6d361c44b95448c3c0c716a6"
            ],
            "markers": "python_full_version >= '3.7.0'",
            "version": "==2.1.0"
        },
        "fontbakery": {
            "hashes": [
                "sha256:39aed6b01e94e8f603b3f1d061c3428585391bc025afde5e06fe69d12fb8a27c",
                "sha256:bcafd843cb814315d5dd66f443b855549f2b005e7082ae1ae055b0b645c00ae4"
            ],
            "index": "pypi",
            "version": "==0.7.29"
        },
        "fonttools": {
            "extras": [

            ],
            "hashes": [
                "sha256:63987cd374c39a75146748f8be8637634221e53fef15cdf76f17777676d8545a",
                "sha256:c9fc9b1c803260e19362332d47ae2a8d701d4c085b1705bed39ac61a3f2dcb44"
            ],
            "index": "pypi",
            "version": "==4.13.0"
        },
        "fs": {
            "hashes": [
                "sha256:86fbd7268edc365e5f120c4871addf2a0a899049625c35fe579910339296d13d",
                "sha256:b09d02c311f4add1e6e2b75724c450eafcfeecc917579224ca8ad21dacd0a182"
            ],
            "version": "==2.4.15"
        },
        "gitdb": {
            "hashes": [
                "sha256:8033ad4e853066ba6ca92050b9df2f89301b8fc8bf7e9324d412a63f8bf1a8fd",
                "sha256:bac2fd45c0a1c9cf619e63a90d62bdc63892ef92387424b855792a6cabe789aa"
            ],
            "markers": "python_version >= '3.6'",
            "version": "==4.0.9"
        },
        "gitpython": {
            "hashes": [
                "sha256:26ac35c212d1f7b16036361ca5cff3ec66e11753a0d677fb6c48fa4e1a9dd8d6",
                "sha256:fc8868f63a2e6d268fb25f481995ba185a85a66fcad126f039323ff6635669ee"
            ],
            "markers": "python_full_version >= '3.7.0'",
            "version": "==3.1.26"
        },
        "idna": {
            "hashes": [
                "sha256:84d9dd047ffa80596e0f246e2eab0b391788b0503584e8945f2368256d2735ff",
                "sha256:9d643ff0a55b762d5cdb124b8eaa99c66322e2157b69160bc32796e824360e6d"
            ],
            "markers": "python_version >= '3'",
            "version": "==3.3"
        },
        "lxml": {
            "hashes": [
                "sha256:0607ff0988ad7e173e5ddf7bf55ee65534bd18a5461183c33e8e41a59e89edf4",
                "sha256:09b738360af8cb2da275998a8bf79517a71225b0de41ab47339c2beebfff025f",
                "sha256:0a5f0e4747f31cff87d1eb32a6000bde1e603107f632ef4666be0dc065889c7a",
                "sha256:0b5e96e25e70917b28a5391c2ed3ffc6156513d3db0e1476c5253fcd50f7a944",
                "sha256:1104a8d47967a414a436007c52f533e933e5d52574cab407b1e49a4e9b5ddbd1",
                "sha256:13dbb5c7e8f3b6a2cf6e10b0948cacb2f4c9eb05029fe31c60592d08ac63180d",
                "sha256:2a906c3890da6a63224d551c2967413b8790a6357a80bf6b257c9a7978c2c42d",
                "sha256:317bd63870b4d875af3c1be1b19202de34c32623609ec803b81c99193a788c1e",
                "sha256:34c22eb8c819d59cec4444d9eebe2e38b95d3dcdafe08965853f8799fd71161d",
                "sha256:36b16fecb10246e599f178dd74f313cbdc9f41c56e77d52100d1361eed24f51a",
                "sha256:38d9759733aa04fb1697d717bfabbedb21398046bd07734be7cccc3d19ea8675",
                "sha256:3e26ad9bc48d610bf6cc76c506b9e5ad9360ed7a945d9be3b5b2c8535a0145e3",
                "sha256:41358bfd24425c1673f184d7c26c6ae91943fe51dfecc3603b5e08187b4bcc55",
                "sha256:447d5009d6b5447b2f237395d0018901dcc673f7d9f82ba26c1b9f9c3b444b60",
                "sha256:44f552e0da3c8ee3c28e2eb82b0b784200631687fc6a71277ea8ab0828780e7d",
                "sha256:490712b91c65988012e866c411a40cc65b595929ececf75eeb4c79fcc3bc80a6",
                "sha256:4c093c571bc3da9ebcd484e001ba18b8452903cd428c0bc926d9b0141bcb710e",
                "sha256:50d3dba341f1e583265c1a808e897b4159208d814ab07530202b6036a4d86da5",
                "sha256:534e946bce61fd162af02bad7bfd2daec1521b71d27238869c23a672146c34a5",
                "sha256:585ea241ee4961dc18a95e2f5581dbc26285fcf330e007459688096f76be8c42",
                "sha256:59e7da839a1238807226f7143c68a479dee09244d1b3cf8c134f2fce777d12d0",
                "sha256:5b0f782f0e03555c55e37d93d7a57454efe7495dab33ba0ccd2dbe25fc50f05d",
                "sha256:5bee1b0cbfdb87686a7fb0e46f1d8bd34d52d6932c0723a86de1cc532b1aa489",
                "sha256:610807cea990fd545b1559466971649e69302c8a9472cefe1d6d48a1dee97440",
                "sha256:6308062534323f0d3edb4e702a0e26a76ca9e0e23ff99be5d82750772df32a9e",
                "sha256:67fa5f028e8a01e1d7944a9fb616d1d0510d5d38b0c41708310bd1bc45ae89f6",
                "sha256:6a2ab9d089324d77bb81745b01f4aeffe4094306d939e92ba5e71e9a6b99b71e",
                "sha256:6c198bfc169419c09b85ab10cb0f572744e686f40d1e7f4ed09061284fc1303f",
                "sha256:6e56521538f19c4a6690f439fefed551f0b296bd785adc67c1777c348beb943d",
                "sha256:6ec829058785d028f467be70cd195cd0aaf1a763e4d09822584ede8c9eaa4b03",
                "sha256:718d7208b9c2d86aaf0294d9381a6acb0158b5ff0f3515902751404e318e02c9",
                "sha256:735e3b4ce9c0616e85f302f109bdc6e425ba1670a73f962c9f6b98a6d51b77c9",
                "sha256:772057fba283c095db8c8ecde4634717a35c47061d24f889468dc67190327bcd",
                "sha256:7b5e2acefd33c259c4a2e157119c4373c8773cf6793e225006a1649672ab47a6",
                "sha256:82d16a64236970cb93c8d63ad18c5b9f138a704331e4b916b2737ddfad14e0c4",
                "sha256:87c1b0496e8c87ec9db5383e30042357b4839b46c2d556abd49ec770ce2ad868",
                "sha256:8e54945dd2eeb50925500957c7c579df3cd07c29db7810b83cf30495d79af267",
                "sha256:9393a05b126a7e187f3e38758255e0edf948a65b22c377414002d488221fdaa2",
                "sha256:9fbc0dee7ff5f15c4428775e6fa3ed20003140560ffa22b88326669d53b3c0f4",
                "sha256:a1613838aa6b89af4ba10a0f3a972836128801ed008078f8c1244e65958f1b24",
                "sha256:a1bbc4efa99ed1310b5009ce7f3a1784698082ed2c1ef3895332f5df9b3b92c2",
                "sha256:a555e06566c6dc167fbcd0ad507ff05fd9328502aefc963cb0a0547cfe7f00db",
                "sha256:a58d78653ae422df6837dd4ca0036610b8cb4962b5cfdbd337b7b24de9e5f98a",
                "sha256:a5edc58d631170de90e50adc2cc0248083541affef82f8cd93bea458e4d96db8",
                "sha256:a5f623aeaa24f71fce3177d7fee875371345eb9102b355b882243e33e04b7175",
                "sha256:adaab25be351fff0d8a691c4f09153647804d09a87a4e4ea2c3f9fe9e8651851",
                "sha256:ade74f5e3a0fd17df5782896ddca7ddb998845a5f7cd4b0be771e1ffc3b9aa5b",
                "sha256:b1d381f58fcc3e63fcc0ea4f0a38335163883267f77e4c6e22d7a30877218a0e",
                "sha256:bf6005708fc2e2c89a083f258b97709559a95f9a7a03e59f805dd23c93bc3986",
                "sha256:d546431636edb1d6a608b348dd58cc9841b81f4116745857b6cb9f8dadb2725f",
                "sha256:d5618d49de6ba63fe4510bdada62d06a8acfca0b4b5c904956c777d28382b419",
                "sha256:dfd0d464f3d86a1460683cd742306d1138b4e99b79094f4e07e1ca85ee267fe7",
                "sha256:e18281a7d80d76b66a9f9e68a98cf7e1d153182772400d9a9ce855264d7d0ce7",
                "sha256:e410cf3a2272d0a85526d700782a2fa92c1e304fdcc519ba74ac80b8297adf36",
                "sha256:e662c6266e3a275bdcb6bb049edc7cd77d0b0f7e119a53101d367c841afc66dc",
                "sha256:ec9027d0beb785a35aa9951d14e06d48cfbf876d8ff67519403a2522b181943b",
                "sha256:eed394099a7792834f0cb4a8f615319152b9d801444c1c9e1b1a2c36d2239f9e",
                "sha256:f76dbe44e31abf516114f6347a46fa4e7c2e8bceaa4b6f7ee3a0a03c8eba3c17",
                "sha256:fc15874816b9320581133ddc2096b644582ab870cf6a6ed63684433e7af4b0d3",
                "sha256:fc9fb11b65e7bc49f7f75aaba1b700f7181d95d4e151cf2f24d51bfd14410b77"
            ],
            "markers": "python_version >= '2.7' and python_version not in '3.0, 3.1, 3.2, 3.3, 3.4'",
            "version": "==4.7.1"
        },
        "ninja": {
            "hashes": [
                "sha256:18bd4ebc6cef30981e966609362090a0d99aeca29a63ca83a3688305f1c35222",
                "sha256:39f9ab35f52b540777b77cc889ffed37182c7d55bec00f658f6f74bd5b1a4377",
                "sha256:3c206a4b8b896f396aeabfc0dbd99d84bc01306a3e07568d28d5536c24cbeaa3",
                "sha256:3d4b1a3fa4d68c9dc74f50875c9bfe4eaaf495b5205d12526aea95043488c8b6",
                "sha256:5ae857e0283acbf4b3645756d9e8217fddbe1f41dfe33e2c40dc79cb69706a8c",
                "sha256:607211b652a32006cda8a72a1496c348ddadcbe30986ff264e7354972fa3194e",
                "sha256:6ba8b42193600bfbde76dc32d7f6fd5675e253a9e5d7caad4a2735a84a72d491",
                "sha256:760de263a261919fc97cf1fd30d2dd8902dd89d5165d6cbf80ce3d66a39fff11",
                "sha256:9897b92c626caabe51fce04a9be851f635ed828a55c558a9cf1a75571b4c4fce",
                "sha256:ddfac074ae408e42c617cd44f90a95bf6db94f0c846c95ef2a3a9a03438027a1",
                "sha256:fa6d68b4f65aca57594d3cccfcf8fa7c8a311e93c55eed8043cabc439617d7b7"
            ],
            "index": "pypi",
            "version": "==1.10.0.post1"
        },
        "opentype-sanitizer": {
            "hashes": [
                "sha256:38f590e972c237fb41d16d11c22930694c060fa6f313c33e49cfa9076ff9fc65",
                "sha256:3bbb0503059265cad3f58120fd83d9fb2eda7ec874f704bd9ea9b6482a2a305c",
                "sha256:3e0bff396d9056219bdf69a87b03e4a779c4dadb433fa582a9618262bd9dcf52",
                "sha256:5050097997fcc046f3ea9152074fc8e3eb4ae90e366a5d31aa13332e9c0740cf",
                "sha256:b3d0dc6c03061ff9c05246e31719cadfc962e9d586aa2e7d613149bb20335ef2",
                "sha256:c02688980cce8d5d3ed91b74707e9674a3fd39991fde1fa3c82b97e1b96feafe",
                "sha256:c7ad039a4f5a225446a5a9d3adaf56b76e553c3cf070ecfce99f89a5d92a5298"
            ],
            "version": "==8.2.1"
        },
        "protobuf": {
            "hashes": [
                "sha256:013a9ec4dccad9a6ed3aa1ad9e86a25a4e0d6d3bbe059b6f6502db20473c3e69",
                "sha256:0e00b4e4a4800b389ae7f0058e1fc9d012444fdde926569d8cce55c84a01ef74",
                "sha256:11f192d491613f692b3ddc18f06c925785b3019c8e35d32c811421ca9ff7d50e",
                "sha256:25f0ee57684f7bc3f0511b73cf55c016a891d09079c357794759663fe3da9cd3",
                "sha256:2ccc0169b5145b3af676b6997be6fe62961edfc12bb524a7b9c46fb5d208a3d4",
                "sha256:40f031f79b0254aa62082ca87776c0959d85adf99f09cdef9d0b320bb772a609",
                "sha256:44d824adb48fe8baf81e628c2edaf9911912cd592a83621d2b877ccfde631d61",
                "sha256:50f28efa66232a2fbbdd638dd61d9399ff66bcfde40ff305263b229692928081",
                "sha256:51e080fb1de5db54b0a6b1519ba8dda55e57404b0a4948e58f1342a3e15d89ec",
                "sha256:5c2ee13f5ea237a17bd81f52f972b7d334c0a43330d2a2a7b25b07f16eb146d8",
                "sha256:830a9c71df347b3fb3cd24ec985c4ed64f6e75983f543a1d8a3c96302dae915c",
                "sha256:867635c1d541ce336a1a4df3379d1116f02eba6dc326d080c8ef02f34036c415",
                "sha256:94b34486986d7683e83f9d02a0112533263fc20fae54fff3f4fd69451e682ec7",
                "sha256:ae4bcd5a0ce3f77d0523c3e5ed0d04ed2af454f7bf7cef08cb7a8d0915ac80a9",
                "sha256:b04449133e31b65924650d758efbc2397c2d0e5eb3c8cae7428ffc4fa9c3403d",
                "sha256:d892e487bd544463ce1e656434591593f710169335ac3f02ce30ee866c2f2464",
                "sha256:e9f13fadb15b80e4a83ef5d9fa44e19243b1e2d96e84ee2228ca305180ca059e",
                "sha256:ef69a10d45529a08367e70e736b3ce8e2af51360f23650ef1d4381ff9038467a",
                "sha256:f6d10b1f86cebb8008a256f474948fc6204391e02a9c12935eebf036bbb07b65",
                "sha256:fecf1b00ccc87bb8debca8b56458cc57c486d2d7afe22c7526728f79ffe232f4"
            ],
            "index": "pypi",
            "version": "==3.15.0"
        },
        "pytz": {
            "hashes": [
                "sha256:3672058bc3453457b622aab7a1c3bfd5ab0bdae451512f6cf25f64ed37f5b87c",
                "sha256:acad2d8b20a1af07d4e4c9d2e9285c5ed9104354062f275f3fcd88dcef4f1326"
            ],
            "version": "==2021.3"
        },
        "requests": {
            "hashes": [
                "sha256:68d7c56fd5a8999887728ef304a6d12edc7be74f1cfa47714fc8b414525c9a61",
                "sha256:f22fa1e554c9ddfd16e6e41ac79759e17be9e492b3587efa038054674760e72d"
            ],
            "markers": "python_version >= '2.7' and python_version not in '3.0, 3.1, 3.2, 3.3, 3.4, 3.5'",
            "version": "==2.27.1"
        },
        "setuptools": {
            "hashes": [
                "sha256:43a5575eea6d3459789316e1596a3d2a0d215260cacf4189508112f35c9a145b",
                "sha256:66b8598da112b8dc8cd941d54cf63ef91d3b50657b374457eda5851f3ff6a899"
            ],
            "markers": "python_full_version >= '3.7.0'",
            "version": "==60.8.2"
        },
        "six": {
            "hashes": [
                "sha256:1e61c37477a1626458e36f7b1d82aa5c9b094fa4802892072e49de9c60c4c926",
                "sha256:8abb2f1d86890a2dfb989f9a77cfcfd3e47c2a354b01111771326f8aa26e0254"
            ],
            "markers": "python_version >= '2.7' and python_version not in '3.0, 3.1, 3.2, 3.3'",
            "version": "==1.16.0"
        },
        "smmap": {
            "hashes": [
                "sha256:2aba19d6a040e78d8b09de5c57e96207b09ed71d8e55ce0959eeee6c8e190d94",
                "sha256:c840e62059cd3be204b0c9c9f74be2c09d5648eddd4580d9314c3ecde0b30936"
            ],
            "markers": "python_version >= '3.6'",
            "version": "==5.0.0"
        },
        "soupsieve": {
            "hashes": [
                "sha256:1a3cca2617c6b38c0343ed661b1fa5de5637f257d4fe22bd9f1338010a1efefb",
                "sha256:b8d49b1cd4f037c7082a9683dfa1801aa2597fb11c3a1155b7a5b94829b4f1f9"
            ],
            "markers": "python_version >= '3.6'",
            "version": "==2.3.1"
        },
        "ttfautohint-py": {
            "hashes": [
                "sha256:0212be8d5590bab2f0e47d827b5f84b5a7124089d94a1d8106ea5d4e155af639",
                "sha256:51cf3b9fa5d82acc104fe72256d3e187f797eaf55e4688c45c1b9bce2c13d305",
                "sha256:6369efa873c59e169e33e0e402f3c4f6b5a2cad8abf328ab03b79b2c3559f421",
                "sha256:6c7e4314d53850279a7901931c824e29da7b1cbba2eeba848e6d4142b7689c6f",
                "sha256:b217a885dcae8e72fcc9251bc2bcceab2baecf866b33456b87b096806b91957a",
                "sha256:f63b3944e279ceca056f77d1120c7bb6ef53a77b3bb8effb75f96be899900313"
            ],
            "version": "==0.5.0"
        },
        "typing-extensions": {
            "hashes": [
                "sha256:4ca091dea149f945ec56afb48dae714f21e8692ef22a395223bcd328961b6a0e",
                "sha256:7f001e5ac290a0c0401508864c7ec868be4e701886d5b573a9528ed3973d9d3b"
            ],
            "markers": "python_version < '3.8'",
            "version": "==4.0.1"
        },
        "ufolint": {
            "hashes": [
                "sha256:908e639a942ebdd2176cb3953b7e61b4b2d0dd525333720a683e15af2220931a",
                "sha256:a8e9e6c291f706ea5028a7c8e2639cf4e072a56c2f472effd161a92f9a2bee56"
            ],
            "markers": "python_version >= '3.6'",
            "version": "==1.1.1"
        },
        "unicodedata2": {
            "hashes": [
                "sha256:0082d81895ed0958e1ad143f1ff991287b56ee6adf0e12b3f3358d49abd30165",
                "sha256:071d8a3cfc5a3d95261beb1f102d87ca6901f32f3869861e2d2842f543555819",
                "sha256:0e699418bcc4adea1a694e2b2018134495a86e62c69215587224d0a882ae143a",
                "sha256:219bd9602ff118ff1e58ff4b36ae3c3066b125fb2de33abd37c75b6f5e9166c8",
                "sha256:2c61940a9f80e061ef0507525c654fcd86bb2bab3202fc509192521c6939cc66",
                "sha256:41f7df0043f4450e84203d907a56cdd2a0a0541a9eebbaba48576b01e0b61684",
                "sha256:44570739ce4f5ec9875ce32965653452302f2d706fd52c0a299726a31711009e",
                "sha256:458ba1a48091b1686dc8b21836dd113c4aa403513fffbb0a72316f94fd991387",
                "sha256:46cb228b47e8f03771fa0c6a0f8575a1a31d403c4945db5b1b53c7c739edd8f2",
                "sha256:49a8f7da7bb1294e5b7e178662f5eb44e883fd2799a1a785a523e3972d7a2c61",
                "sha256:49b1da2a697eeadb7b56bef9b557029458ec21a1573318302d261895a5a70690",
                "sha256:5908e4edeab9b72a7c0b3de13e74bd1cea506226d19a6da78bc95afeedafd08f",
                "sha256:6163b9b8ae086d924efe2703ddcea43422a357200a5e6fdeb3862c87e20b615d",
                "sha256:61765843c705c1aed7bcd2e12b9e4f12c2c585ae82f027a82ab7e75a7da5ef2a",
                "sha256:63fc0a6ffb215df1785623ec14f20f95ee25eb394b203e88b268ea226d107c92",
                "sha256:672555ef6fe52766caba6414c25fc60140e5521cfae34b3adcf72e596f9fa853",
                "sha256:6c9f43cda63a2c84fa5c37706d88881064ea1297ff89d02b14ff05c3923c287e",
                "sha256:724ecd5c6c0c0f732d768bcdd55bd804181df65b4d09e1b1facbf3b63dc833a9",
                "sha256:734d6310035e86610055afbef502f231ccb1bad6f86c4ef6cbc930647acc8948",
                "sha256:799ab23c72bc7d5331a905693e7ffdf11ce24a463143df98716eee0703012e83",
                "sha256:7bce60788dbc4591e1572d948ebaab2c92946f02cc1caada563e688e819605cf",
                "sha256:7fbd9095c0f0176b1bfa8910514ca6262af8ef3cde3effc9827f332e0dec2341",
                "sha256:81655eb0207974aec7d13729c8914182bc3bd1ad539cf52b42202bb928a99e25",
                "sha256:81d636fcf73addb84c4ecf14caa03c119d992eb30cf86eb9ad1521c0f5a683b0",
                "sha256:8582f50d6b957ee3110cb1af2b5faed0774d0b2d19940930de5f2bac1e4cfd4a",
                "sha256:883ad606c2fc5a1b3c28a6985395c0d84335217fe42e7166137c2320af1ff8b7",
                "sha256:902393fb98707ecf408f1e2c00eb2c65818dc4ba2182ae55fef93da9fa700027",
                "sha256:9320fdc4a23a8dbc540257a8b507ed3d78ca593ccd7b0f9a87ce94e4f40f0afc",
                "sha256:936aac9167eab15ac36638cbc46dbc424d318d339e6b75c5e3324cb213f55b94",
                "sha256:a0c0b0a16613d2d2cfb4eccd5245d552064fa74ce774b1200c892ed598ad91cb",
                "sha256:a171d62530a4ef85f75ceb52988a3256ebeac4ddc4dd0ea169b9e879f0def761",
                "sha256:a247ed510a1fd61ba4a6e0fa27de80d432c72dda565114dfa4ba4c5c59669608",
                "sha256:a365385ff893e4c57bd48191610b0c5ed61d2eebd093eaeb7cd87231cae2d30c",
                "sha256:a394ae138bd610080729144dde284872607c4d0a57e2c6eaa7ed69b762faa7ff",
                "sha256:bd1c7ea731bb3e1c6a413d55920d8806bb819a990971e57c99409988ee057f9d",
                "sha256:c567f861fbf6d68a9bd34e957399f2ce69463b388f94c6de3daf2cf14d941f94",
                "sha256:c980d7f010e1d2854fcdb74067fa55956965acd785474c3ceb067d8ebda83d1f",
                "sha256:d3b6ec3ce20bdda1de2215c6c84d12f7332ab1b9a57209e20967b5ab10003f13",
                "sha256:e33b187e6b0095f97aefd1b8035e3b21d100e0a1a66de474caceaec1014e9429",
                "sha256:e57d842c6f1f723e650ac0f62e6ee4626b6db066b20a8f1cf0e73d65d1f5e92b",
                "sha256:f0e7f31d9230d428804fac4fe294229eaa5d1f0a95a0c9e725710736876c9cb6",
                "sha256:fa0737a30db9f4d555817a4115d63e2875af605ec8932632b2338e9cbe59f3e2",
                "sha256:ffcb0bcf809ce83c4ec1707145acd0d3eeedbdb890a67cf1dd3be9969f019ad1"
            ],
            "version": "==14.0.0"
        },
        "urllib3": {
            "hashes": [
                "sha256:000ca7f471a233c2251c6c7023ee85305721bfdf18621ebff4fd17a8653427ed",
                "sha256:0e7c33d9a63e7ddfcb86780aac87befc2fbddf46c58dbb487e0855f7ceec283c"
            ],
            "markers": "python_version >= '2.7' and python_version not in '3.0, 3.1, 3.2, 3.3, 3.4' and python_version < '4'",
            "version": "==1.26.8"
        }
    },
    "develop": {}
}
