{
    "_meta": {
        "hash": {
            "sha256": "ae2a9779eef614cbe735e0b1187990c7d1492cfcb303068738e0f7a599d740a7"
        },
        "pipfile-spec": 6,
        "requires": {
            "python_version": "3.7"
        },
        "sources": [
            {
                "name": "pypi",
                "url": "https://pypi.org/simple",
                "verify_ssl": true
            }
        ]
    },
    "default": {
        "appdirs": {
            "hashes": [
                "sha256:7d5d0167b2b1ba821647616af46a749d1c653740dd0d2415100fe26e27afdf41",
                "sha256:a841dacd6b99318a741b166adb07e19ee71a274450e68237b4650ca1055ab128"
            ],
            "version": "==1.4.4"
        },
        "beautifulsoup4": {
            "hashes": [
                "sha256:9a315ce70049920ea4572a4055bc4bd700c940521d36fc858205ad4fcde149bf",
                "sha256:c23ad23c521d818955a4151a67d81580319d4bf548d3d49f4223ae041ff98891"
            ],
            "markers": "python_version >= '3.1'",
            "version": "==4.10.0"
        },
        "certifi": {
            "hashes": [
                "sha256:78884e7c1d4b00ce3cea67b44566851c4343c120abd683433ce934a68ea58872",
                "sha256:d62a0163eb4c2344ac042ab2bdf75399a71a2d8c7d47eac2e2ee91b9d6339569"
            ],
            "version": "==2021.10.8"
        },
        "charset-normalizer": {
            "hashes": [
                "sha256:1eecaa09422db5be9e29d7fc65664e6c33bd06f9ced7838578ba40d58bdf3721",
                "sha256:b0b883e8e874edfdece9c28f314e3dd5badf067342e42fb162203335ae61aa2c"
            ],
            "markers": "python_version >= '3'",
            "version": "==2.0.9"
        },
        "commandlines": {
            "hashes": [
                "sha256:86b650b78470ac95966d7b1a9d215c16591bccb34b28ae2bb9026c3b4166fd64",
                "sha256:b7dbf71b8dec42c16e9694b87e0e121d288e5a40d5d4f0dd1c0651ab7af06837"
            ],
            "version": "==0.4.1"
        },
        "defcon": {
            "hashes": [
                "sha256:140f51da51e9630a9fa11dfd34376c4e29785fdb0bddc2e371df5b36bec17b76",
                "sha256:cd9fee7c82e6122858fde9727928b13e534974c7157f77caeebc967dab3fd08e"
            ],
            "markers": "python_version >= '3.6'",
            "version": "==0.9.0"
        },
        "font-v": {
            "hashes": [
                "sha256:5c7dca0604a7ddf04633502c792364f3e1027d8fce4e44ffb8014ae38466bdd0",
                "sha256:a53372afbbec290f244065b7d969a7f84d22716a6d361c44b95448c3c0c716a6"
            ],
            "markers": "python_full_version >= '3.7.0'",
            "version": "==2.1.0"
        },
        "fontbakery": {
            "hashes": [
                "sha256:39aed6b01e94e8f603b3f1d061c3428585391bc025afde5e06fe69d12fb8a27c"
            ],
            "index": "pypi",
            "version": "==0.7.29"
        },
        "fonttools": {
            "extras": [

            ],
            "hashes": [
                "sha256:63987cd374c39a75146748f8be8637634221e53fef15cdf76f17777676d8545a",
                "sha256:c9fc9b1c803260e19362332d47ae2a8d701d4c085b1705bed39ac61a3f2dcb44"
            ],
            "index": "pypi",
            "version": "==4.13.0"
        },
        "fs": {
            "hashes": [
                "sha256:9555dc2bc58c58cac03478ac7e9f622d29fe2d20a4384c24c90ab50de2c7b36c",
                "sha256:b298013377f51125b3d7f0c86920de4e3e2d4a83731bd5caf1f1e5bddabe7798"
            ],
            "version": "==2.4.14"
        },
        "gitdb": {
            "hashes": [
                "sha256:8033ad4e853066ba6ca92050b9df2f89301b8fc8bf7e9324d412a63f8bf1a8fd",
                "sha256:bac2fd45c0a1c9cf619e63a90d62bdc63892ef92387424b855792a6cabe789aa"
            ],
            "markers": "python_version >= '3.6'",
            "version": "==4.0.9"
        },
        "gitpython": {
            "hashes": [
                "sha256:dc0a7f2f697657acc8d7f89033e8b1ea94dd90356b2983bca89dc8d2ab3cc647",
                "sha256:df83fdf5e684fef7c6ee2c02fc68a5ceb7e7e759d08b694088d0cacb4eba59e5"
            ],
            "markers": "python_full_version >= '3.7.0'",
            "version": "==3.1.24"
        },
        "idna": {
            "hashes": [
                "sha256:84d9dd047ffa80596e0f246e2eab0b391788b0503584e8945f2368256d2735ff",
                "sha256:9d643ff0a55b762d5cdb124b8eaa99c66322e2157b69160bc32796e824360e6d"
            ],
            "markers": "python_version >= '3'",
            "version": "==3.3"
        },
        "lxml": {
            "hashes": [
                "sha256:11ae552a78612620afd15625be9f1b82e3cc2e634f90d6b11709b10a100cba59",
                "sha256:121fc6f71c692b49af6c963b84ab7084402624ffbe605287da362f8af0668ea3",
                "sha256:124f09614f999551ac65e5b9875981ce4b66ac4b8e2ba9284572f741935df3d9",
                "sha256:12ae2339d32a2b15010972e1e2467345b7bf962e155671239fba74c229564b7f",
                "sha256:12d8d6fe3ddef629ac1349fa89a638b296a34b6529573f5055d1cb4e5245f73b",
                "sha256:1a2a7659b8eb93c6daee350a0d844994d49245a0f6c05c747f619386fb90ba04",
                "sha256:1ccbfe5d17835db906f2bab6f15b34194db1a5b07929cba3cf45a96dbfbfefc0",
                "sha256:2f77556266a8fe5428b8759fbfc4bd70be1d1d9c9b25d2a414f6a0c0b0f09120",
                "sha256:3534d7c468c044f6aef3c0aff541db2826986a29ea73f2ca831f5d5284d9b570",
                "sha256:3884476a90d415be79adfa4e0e393048630d0d5bcd5757c4c07d8b4b00a1096b",
                "sha256:3b95fb7e6f9c2f53db88f4642231fc2b8907d854e614710996a96f1f32018d5c",
                "sha256:46515773570a33eae13e451c8fcf440222ef24bd3b26f40774dd0bd8b6db15b2",
                "sha256:46f21f2600d001af10e847df9eb3b832e8a439f696c04891bcb8a8cedd859af9",
                "sha256:473701599665d874919d05bb33b56180447b3a9da8d52d6d9799f381ce23f95c",
                "sha256:4b9390bf973e3907d967b75be199cf1978ca8443183cf1e78ad80ad8be9cf242",
                "sha256:4f415624cf8b065796649a5e4621773dc5c9ea574a944c76a7f8a6d3d2906b41",
                "sha256:534032a5ceb34bba1da193b7d386ac575127cc39338379f39a164b10d97ade89",
                "sha256:558485218ee06458643b929765ac1eb04519ca3d1e2dcc288517de864c747c33",
                "sha256:57cf05466917e08f90e323f025b96f493f92c0344694f5702579ab4b7e2eb10d",
                "sha256:59d77bfa3bea13caee95bc0d3f1c518b15049b97dd61ea8b3d71ce677a67f808",
                "sha256:5d5254c815c186744c8f922e2ce861a2bdeabc06520b4b30b2f7d9767791ce6e",
                "sha256:5ea121cb66d7e5cb396b4c3ca90471252b94e01809805cfe3e4e44be2db3a99c",
                "sha256:60aeb14ff9022d2687ef98ce55f6342944c40d00916452bb90899a191802137a",
                "sha256:642eb4cabd997c9b949a994f9643cd8ae00cf4ca8c5cd9c273962296fadf1c44",
                "sha256:6548fc551de15f310dd0564751d9dc3d405278d45ea9b2b369ed1eccf142e1f5",
                "sha256:68a851176c931e2b3de6214347b767451243eeed3bea34c172127bbb5bf6c210",
                "sha256:6e84edecc3a82f90d44ddee2ee2a2630d4994b8471816e226d2b771cda7ac4ca",
                "sha256:73e8614258404b2689a26cb5d002512b8bc4dfa18aca86382f68f959aee9b0c8",
                "sha256:7679bb6e4d9a3978a46ab19a3560e8d2b7265ef3c88152e7fdc130d649789887",
                "sha256:76b6c296e4f7a1a8a128aec42d128646897f9ae9a700ef6839cdc9b3900db9b5",
                "sha256:7f00cc64b49d2ef19ddae898a3def9dd8fda9c3d27c8a174c2889ee757918e71",
                "sha256:8021eeff7fabde21b9858ed058a8250ad230cede91764d598c2466b0ba70db8b",
                "sha256:87f8f7df70b90fbe7b49969f07b347e3f978f8bd1046bb8ecae659921869202b",
                "sha256:916d457ad84e05b7db52700bad0a15c56e0c3000dcaf1263b2fb7a56fe148996",
                "sha256:925174cafb0f1179a7fd38da90302555d7445e34c9ece68019e53c946be7f542",
                "sha256:9801bcd52ac9c795a7d81ea67471a42cffe532e46cfb750cd5713befc5c019c0",
                "sha256:99cf827f5a783038eb313beee6533dddb8bdb086d7269c5c144c1c952d142ace",
                "sha256:a21b78af7e2e13bec6bea12fc33bc05730197674f3e5402ce214d07026ccfebd",
                "sha256:a52e8f317336a44836475e9c802f51c2dc38d612eaa76532cb1d17690338b63b",
                "sha256:a702005e447d712375433ed0499cb6e1503fadd6c96a47f51d707b4d37b76d3c",
                "sha256:a708c291900c40a7ecf23f1d2384ed0bc0604e24094dd13417c7e7f8f7a50d93",
                "sha256:a7790a273225b0c46e5f859c1327f0f659896cc72eaa537d23aa3ad9ff2a1cc1",
                "sha256:abcf7daa5ebcc89328326254f6dd6d566adb483d4d00178892afd386ab389de2",
                "sha256:add017c5bd6b9ec3a5f09248396b6ee2ce61c5621f087eb2269c813cd8813808",
                "sha256:af4139172ff0263d269abdcc641e944c9de4b5d660894a3ec7e9f9db63b56ac9",
                "sha256:b4015baed99d046c760f09a4c59d234d8f398a454380c3cf0b859aba97136090",
                "sha256:ba0006799f21d83c3717fe20e2707a10bbc296475155aadf4f5850f6659b96b9",
                "sha256:bdb98f4c9e8a1735efddfaa995b0c96559792da15d56b76428bdfc29f77c4cdb",
                "sha256:c34234a1bc9e466c104372af74d11a9f98338a3f72fae22b80485171a64e0144",
                "sha256:c580c2a61d8297a6e47f4d01f066517dbb019be98032880d19ece7f337a9401d",
                "sha256:ca9a40497f7e97a2a961c04fa8a6f23d790b0521350a8b455759d786b0bcb203",
                "sha256:cab343b265e38d4e00649cbbad9278b734c5715f9bcbb72c85a1f99b1a58e19a",
                "sha256:ce52aad32ec6e46d1a91ff8b8014a91538800dd533914bfc4a82f5018d971408",
                "sha256:da07c7e7fc9a3f40446b78c54dbba8bfd5c9100dfecb21b65bfe3f57844f5e71",
                "sha256:dc8a0dbb2a10ae8bb609584f5c504789f0f3d0d81840da4849102ec84289f952",
                "sha256:e5b4b0d9440046ead3bd425eb2b852499241ee0cef1ae151038e4f87ede888c4",
                "sha256:f33d8efb42e4fc2b31b3b4527940b25cdebb3026fb56a80c1c1c11a4271d2352",
                "sha256:f6befb83bca720b71d6bd6326a3b26e9496ae6649e26585de024890fe50f49b8",
                "sha256:fcc849b28f584ed1dbf277291ded5c32bb3476a37032df4a1d523b55faa5f944",
                "sha256:ff44de36772b05c2eb74f2b4b6d1ae29b8f41ed5506310ce1258d44826ee38c1"
            ],
            "index": "pypi",
            "version": "==4.6.5"
        },
        "ninja": {
            "hashes": [
                "sha256:18bd4ebc6cef30981e966609362090a0d99aeca29a63ca83a3688305f1c35222",
                "sha256:39f9ab35f52b540777b77cc889ffed37182c7d55bec00f658f6f74bd5b1a4377",
                "sha256:3c206a4b8b896f396aeabfc0dbd99d84bc01306a3e07568d28d5536c24cbeaa3",
                "sha256:3d4b1a3fa4d68c9dc74f50875c9bfe4eaaf495b5205d12526aea95043488c8b6",
                "sha256:5ae857e0283acbf4b3645756d9e8217fddbe1f41dfe33e2c40dc79cb69706a8c",
                "sha256:607211b652a32006cda8a72a1496c348ddadcbe30986ff264e7354972fa3194e",
                "sha256:6ba8b42193600bfbde76dc32d7f6fd5675e253a9e5d7caad4a2735a84a72d491",
                "sha256:760de263a261919fc97cf1fd30d2dd8902dd89d5165d6cbf80ce3d66a39fff11",
                "sha256:9897b92c626caabe51fce04a9be851f635ed828a55c558a9cf1a75571b4c4fce",
                "sha256:ddfac074ae408e42c617cd44f90a95bf6db94f0c846c95ef2a3a9a03438027a1",
                "sha256:fa6d68b4f65aca57594d3cccfcf8fa7c8a311e93c55eed8043cabc439617d7b7"
            ],
            "index": "pypi",
            "version": "==1.10.0.post1"
        },
        "opentype-sanitizer": {
            "hashes": [
                "sha256:1037334ec45123ff72224ecbeb38331ea53d3bd3b9786df9fe7f1a9fb36d0d02",
                "sha256:112efdd99915781e4fb79e165832dacf61c0335db4738fd9043b960a8c9f8d91",
                "sha256:3250bb3e2f117ee8abd9f5862e17df0003338cea313bc491c79a1d85ec53e016",
                "sha256:5dac0a61bb1db2a067b15107a375a9a9d9a63e94f2eae9798f207873dfe4d174",
                "sha256:9f2021e23851f7287f7f03d03f1064ee330507df1c1fabeb38f9cc66762cec6d",
                "sha256:d4dd82a9c7ca19004d46d32e7d1faad93120b1fdfedc0379a6d64120d0b4728b"
            ],
            "version": "==8.1.4.post3"
        },
        "protobuf": {
            "hashes": [
                "sha256:038daf4fa38a7e818dd61f51f22588d61755160a98db087a046f80d66b855942",
                "sha256:28ccea56d4dc38d35cd70c43c2da2f40ac0be0a355ef882242e8586c6d66666f",
                "sha256:36d90676d6f426718463fe382ec6274909337ca6319d375eebd2044e6c6ac560",
                "sha256:3cd0458870ea7d1c58e948ac8078f6ba8a7ecc44a57e03032ed066c5bb318089",
                "sha256:5935c8ce02e3d89c7900140a8a42b35bc037ec07a6aeb61cc108be8d3c9438a6",
                "sha256:615b426a177780ce381ecd212edc1e0f70db8557ed72560b82096bd36b01bc04",
                "sha256:62a8e4baa9cb9e064eb62d1002eca820857ab2138440cb4b3ea4243830f94ca7",
                "sha256:655264ed0d0efe47a523e2255fc1106a22f6faab7cc46cfe99b5bae085c2a13e",
                "sha256:6e8ea9173403219239cdfd8d946ed101f2ab6ecc025b0fda0c6c713c35c9981d",
                "sha256:71b0250b0cfb738442d60cab68abc166de43411f2a4f791d31378590bfb71bd7",
                "sha256:74f33edeb4f3b7ed13d567881da8e5a92a72b36495d57d696c2ea1ae0cfee80c",
                "sha256:77d2fadcf369b3f22859ab25bd12bb8e98fb11e05d9ff9b7cd45b711c719c002",
                "sha256:8b30a7de128c46b5ecb343917d9fa737612a6e8280f440874e5cc2ba0d79b8f6",
                "sha256:8e51561d72efd5bd5c91490af1f13e32bcba8dab4643761eb7de3ce18e64a853",
                "sha256:a529e7df52204565bcd33738a7a5f288f3d2d37d86caa5d78c458fa5fabbd54d",
                "sha256:b691d996c6d0984947c4cf8b7ae2fe372d99b32821d0584f0b90277aa36982d3",
                "sha256:d80f80eb175bf5f1169139c2e0c5ada98b1c098e2b3c3736667f28cbbea39fc8",
                "sha256:d83e1ef8cb74009bebee3e61cc84b1c9cd04935b72bca0cbc83217d140424995",
                "sha256:d8919368410110633717c406ab5c97e8df5ce93020cfcf3012834f28b1fab1ea",
                "sha256:db3532d9f7a6ebbe2392041350437953b6d7a792de10e629c1e4f5a6b1fe1ac6",
                "sha256:e7b24c11df36ee8e0c085e5b0dc560289e4b58804746fb487287dda51410f1e2",
                "sha256:e7e8d2c20921f8da0dea277dfefc6abac05903ceac8e72839b2da519db69206b",
                "sha256:e813b1c9006b6399308e917ac5d298f345d95bb31f46f02b60cd92970a9afa17",
                "sha256:fd390367fc211cc0ffcf3a9e149dfeca78fecc62adb911371db0cec5c8b7472d"
            ],
            "markers": "python_version >= '3.5'",
            "version": "==3.19.1"
        },
        "pytz": {
            "hashes": [
                "sha256:3672058bc3453457b622aab7a1c3bfd5ab0bdae451512f6cf25f64ed37f5b87c",
                "sha256:acad2d8b20a1af07d4e4c9d2e9285c5ed9104354062f275f3fcd88dcef4f1326"
            ],
            "version": "==2021.3"
        },
        "requests": {
            "hashes": [
                "sha256:6c1246513ecd5ecd4528a0906f910e8f0f9c6b8ec72030dc9fd154dc1a6efd24",
                "sha256:b8aa58f8cf793ffd8782d3d8cb19e66ef36f7aba4353eec859e74678b01b07a7"
            ],
            "markers": "python_version >= '2.7' and python_version not in '3.0, 3.1, 3.2, 3.3, 3.4, 3.5'",
            "version": "==2.26.0"
        },
        "setuptools": {
            "hashes": [
                "sha256:22c7348c6d2976a52632c67f7ab0cdf40147db7789f9aed18734643fe9cf3373",
                "sha256:4ce92f1e1f8f01233ee9952c04f6b81d1e02939d6e1b488428154974a4d0783e"
            ],
            "markers": "python_version >= '3.6'",
            "version": "==59.6.0"
        },
        "six": {
            "hashes": [
                "sha256:1e61c37477a1626458e36f7b1d82aa5c9b094fa4802892072e49de9c60c4c926",
                "sha256:8abb2f1d86890a2dfb989f9a77cfcfd3e47c2a354b01111771326f8aa26e0254"
            ],
            "markers": "python_version >= '2.7' and python_version not in '3.0, 3.1, 3.2, 3.3'",
            "version": "==1.16.0"
        },
        "smmap": {
            "hashes": [
                "sha256:2aba19d6a040e78d8b09de5c57e96207b09ed71d8e55ce0959eeee6c8e190d94",
                "sha256:c840e62059cd3be204b0c9c9f74be2c09d5648eddd4580d9314c3ecde0b30936"
            ],
            "markers": "python_version >= '3.6'",
            "version": "==5.0.0"
        },
        "soupsieve": {
            "hashes": [
                "sha256:1a3cca2617c6b38c0343ed661b1fa5de5637f257d4fe22bd9f1338010a1efefb",
                "sha256:b8d49b1cd4f037c7082a9683dfa1801aa2597fb11c3a1155b7a5b94829b4f1f9"
            ],
            "markers": "python_version >= '3.6'",
            "version": "==2.3.1"
        },
        "ttfautohint-py": {
            "hashes": [
                "sha256:099127c38f5ccfbe42a58f2e4ac2efe5fd58e337f14c34af7417ce9d534c986e",
                "sha256:6149fd67f7c12485921a3707d5850450b919b10ba73300567d2860351c54c412",
                "sha256:6af2b1f9d520b223a7dcf886016764e3373c033d9ebd74c885546207edd67250",
                "sha256:7b6bcf5ae90db62f867e4ddb0e0a4abb1103212b4b61b82148b0f09713ffb57a",
                "sha256:9bfcb382de6fa57d195c8a5b097e2baf54f9354c537bef6150be3839f5862f7c"
            ],
            "version": "==0.4.3.post1"
        },
        "typing-extensions": {
            "hashes": [
                "sha256:4ca091dea149f945ec56afb48dae714f21e8692ef22a395223bcd328961b6a0e",
                "sha256:7f001e5ac290a0c0401508864c7ec868be4e701886d5b573a9528ed3973d9d3b"
            ],
            "markers": "python_version < '3.10'",
            "version": "==4.0.1"
        },
        "ufolint": {
            "hashes": [
                "sha256:908e639a942ebdd2176cb3953b7e61b4b2d0dd525333720a683e15af2220931a",
                "sha256:a8e9e6c291f706ea5028a7c8e2639cf4e072a56c2f472effd161a92f9a2bee56"
            ],
            "markers": "python_version >= '3.6'",
            "version": "==1.1.1"
        },
        "unicodedata2": {
            "hashes": [
                "sha256:084186dfe2b7284d3e78d7120efde6df995f0ec9dea225bc70dafe103601a931",
                "sha256:08bed68570fe665f3627056cd7efc8d45f682d1ad442361f5e6caf2ed1c177ba",
                "sha256:102a9610e0947e125772ab228059c7e919b35237d6888a5fcdfbbb732a8e6a58",
                "sha256:147e9b3f9363d774e79ec11c5cb8d1bc4bc6043b7c98ed82656fcd6c95e26a7f",
                "sha256:14ce249af737e35bd7973d178b69a8ff4794841beca1b620dae1b6c22dd2f9d2",
                "sha256:26ad36d7a1c6ab652d66e29e844b4d2afd71c718d37a85140bba64b228eb3adc",
                "sha256:35c1eb9de478b72164e062c7cb67e7594e829fc7ff718cb5b125e6240257291a",
                "sha256:3600d241a189e543be50412ce53e02db3120d8cae4c3add38a6cc443e853903a",
                "sha256:4d2aed77b06c1b6e74a15c0d56c3af7d16072e4abf4dbe55635e7a7ceb123e88",
                "sha256:6fd926c8a3d0ab4b8f36c94df9a8540cb8a77221c8936a2f546483fbdf38b3e5",
                "sha256:741919f9f1794bb89934598167b85934bccb50900e246b3af8805570e816215d",
                "sha256:7ff3da0536bc9e447abbe702b8032b4469f6e9726ed66527eb9656b9a90f376c",
                "sha256:8c9a60d73d7baea980dc45d23e8a33d7734e94e2c8712ed68b46849e88683726",
                "sha256:92b5cc2ed195f03cf2fac1226cbc825f2df9f0cf2fc8b6f13d1292251bf6f6d6",
                "sha256:95173328ee8010f30bcfad6e69f47bc22256049e276bff29d28d8a52e65e0e70",
                "sha256:97aaa94497a6fcdc75f7afcc35eccd5061467298b600f473304582f32e27e30f",
                "sha256:a5e1ad768e8366b882b0bc3c7b06f48c14df6d3e75c25baccf7af11655e4d742",
                "sha256:a83e504fb0e8ed4757194e61c3f7b69fb3c914856057bea968d0950f80f947fa",
                "sha256:abecf04a0cc2c72d48173ddfc3dadf9397d64ce9724a08b0f052920707a5a9ec",
                "sha256:ba94e331ad771093bedd8341186d2f909dd7c8328dd99c15dc8f6d5730b38ab3",
                "sha256:cca8965804c9765a22f2bc7241a944cd58539c0b8d92f7933ec1cfc44804067a",
                "sha256:d4e3312b6c7b98516a52243023d6c74c986cd6ce2bcad65bfa895a2b0c905426",
                "sha256:da52826de69076a277d5460ee36d95db7cc1a12d4f2ffb45807dcaf0488094d9",
                "sha256:db2c63a214720caead3a8eba87b593558e0cb7dddbafaaa0a5d91f98553e8aad",
                "sha256:e3561d2a1ab55882723b78d9f91b7f98e708bfe3587982e67813947051db3502",
                "sha256:e5b992e4db51488a9756718f29cdad025cd2b7f6694d49524eca9723b21d000a",
                "sha256:f60ab375275073a8328f21e1bac0bf3b17956aff910c1f868befbbf78c3cd02f"
            ],
            "version": "==13.0.0.post2"
        },
        "urllib3": {
            "hashes": [
                "sha256:4987c65554f7a2dbf30c18fd48778ef124af6fab771a377103da0585e2336ece",
                "sha256:c4fdf4019605b6e5423637e01bc9fe4daef873709a7973e195ceba0a62bbc844"
            ],
            "markers": "python_version >= '2.7' and python_version not in '3.0, 3.1, 3.2, 3.3, 3.4' and python_version < '4'",
            "version": "==1.26.7"
        }
    },
    "develop": {}
}
