{
    "_meta": {
        "hash": {
            "sha256": "ae2a9779eef614cbe735e0b1187990c7d1492cfcb303068738e0f7a599d740a7"
        },
        "pipfile-spec": 6,
        "requires": {
            "python_version": "3.7"
        },
        "sources": [
            {
                "name": "pypi",
                "url": "https://pypi.org/simple",
                "verify_ssl": true
            }
        ]
    },
    "default": {
        "appdirs": {
            "hashes": [
                "sha256:7d5d0167b2b1ba821647616af46a749d1c653740dd0d2415100fe26e27afdf41",
                "sha256:a841dacd6b99318a741b166adb07e19ee71a274450e68237b4650ca1055ab128"
            ],
            "version": "==1.4.4"
        },
        "beautifulsoup4": {
            "hashes": [
                "sha256:73cc4d115b96f79c7d77c1c7f7a0a8d4c57860d1041df407dd1aae7f07a77fd7",
                "sha256:a6237df3c32ccfaee4fd201c8f5f9d9df619b93121d01353a64a73ce8c6ef9a8",
                "sha256:e718f2342e2e099b640a34ab782407b7b676f47ee272d6739e60b8ea23829f2c"
            ],
            "version": "==4.9.1"
        },
        "certifi": {
            "hashes": [
                "sha256:5930595817496dd21bb8dc35dad090f1c2cd0adfaf21204bf6732ca5d8ee34d3",
                "sha256:8fc0819f1f30ba15bdb34cceffb9ef04d99f420f68eb75d901e9560b8749fc41"
            ],
            "version": "==2020.6.20"
        },
        "chardet": {
            "hashes": [
                "sha256:84ab92ed1c4d4f16916e05906b6b75a6c0fb5db821cc65e70cbd64a3e2a5eaae",
                "sha256:fc323ffcaeaed0e0a02bf4d117757b98aed530d9ed4531e3e15460124c106691"
            ],
            "version": "==3.0.4"
        },
        "commandlines": {
            "hashes": [
                "sha256:86b650b78470ac95966d7b1a9d215c16591bccb34b28ae2bb9026c3b4166fd64",
                "sha256:b7dbf71b8dec42c16e9694b87e0e121d288e5a40d5d4f0dd1c0651ab7af06837"
            ],
            "version": "==0.4.1"
        },
        "defcon": {
            "hashes": [
                "sha256:1967eaa23dcc8e1cbe3bd130aae4d9ddb72027b62d3e23eeb640065cfbd6d8d1",
                "sha256:d00f91c60c4a411276dab30a9129e34a7a118f41493c4971541ad9287985807f"
            ],
            "version": "==0.7.2"
        },
        "font-v": {
            "hashes": [
                "sha256:a27a36e3e45f16dc085533aec9f633fc2c66d78b7b2f2991a9e469b5ab888cfc",
                "sha256:dd1adf2f24288dc666db51f901ca0b6b4776ef2eb196557ce24f79512003d29a"
            ],
            "version": "==1.0.2"
        },
        "fontbakery": {
            "hashes": [
                "sha256:39aed6b01e94e8f603b3f1d061c3428585391bc025afde5e06fe69d12fb8a27c"
            ],
            "index": "pypi",
            "version": "==0.7.29"
        },
        "fonttools": {
            "extras": [
                "lxml",
                "ufo",
                "unicode"
            ],
            "hashes": [
                "sha256:63987cd374c39a75146748f8be8637634221e53fef15cdf76f17777676d8545a",
                "sha256:c9fc9b1c803260e19362332d47ae2a8d701d4c085b1705bed39ac61a3f2dcb44"
            ],
            "index": "pypi",
            "version": "==4.13.0"
        },
        "fs": {
            "hashes": [
                "sha256:cc99d476b500f993df8ef697b96dc70928ca2946a455c396a566efe021126767",
                "sha256:cd6b178f373a0370feac8612fd3c142aa6a5cadd3d471b525b08db4d3b511c9c"
            ],
            "version": "==2.4.11"
        },
        "gitdb": {
            "hashes": [
                "sha256:91f36bfb1ab7949b3b40e23736db18231bf7593edada2ba5c3a174a7b23657ac",
                "sha256:c9e1f2d0db7ddb9a704c2a0217be31214e91a4fe1dea1efad19ae42ba0c285c9"
            ],
            "version": "==4.0.5"
        },
        "gitpython": {
            "hashes": [
                "sha256:2db287d71a284e22e5c2846042d0602465c7434d910406990d5b74df4afb0858",
                "sha256:fa3b92da728a457dd75d62bb5f3eb2816d99a7fe6c67398e260637a40e3fafb5"
            ],
            "version": "==3.1.7"
        },
        "idna": {
            "hashes": [
                "sha256:b307872f855b18632ce0c21c5e45be78c0ea7ae4c15c828c20788b26921eb3f6",
                "sha256:b97d804b1e9b523befed77c48dacec60e6dcb0b5391d57af6a65a312a90648c0"
            ],
            "version": "==2.10"
        },
        "lxml": {
            "hashes": [
                "sha256:05a444b207901a68a6526948c7cc8f9fe6d6f24c70781488e32fd74ff5996e3f",
                "sha256:08fc93257dcfe9542c0a6883a25ba4971d78297f63d7a5a26ffa34861ca78730",
                "sha256:107781b213cf7201ec3806555657ccda67b1fccc4261fb889ef7fc56976db81f",
                "sha256:121b665b04083a1e85ff1f5243d4a93aa1aaba281bc12ea334d5a187278ceaf1",
                "sha256:1fa21263c3aba2b76fd7c45713d4428dbcc7644d73dcf0650e9d344e433741b3",
                "sha256:2b30aa2bcff8e958cd85d907d5109820b01ac511eae5b460803430a7404e34d7",
                "sha256:4b4a111bcf4b9c948e020fd207f915c24a6de3f1adc7682a2d92660eb4e84f1a",
                "sha256:5591c4164755778e29e69b86e425880f852464a21c7bb53c7ea453bbe2633bbe",
                "sha256:59daa84aef650b11bccd18f99f64bfe44b9f14a08a28259959d33676554065a1",
                "sha256:5a9c8d11aa2c8f8b6043d845927a51eb9102eb558e3f936df494e96393f5fd3e",
                "sha256:5dd20538a60c4cc9a077d3b715bb42307239fcd25ef1ca7286775f95e9e9a46d",
                "sha256:74f48ec98430e06c1fa8949b49ebdd8d27ceb9df8d3d1c92e1fdc2773f003f20",
                "sha256:786aad2aa20de3dbff21aab86b2fb6a7be68064cbbc0219bde414d3a30aa47ae",
                "sha256:7ad7906e098ccd30d8f7068030a0b16668ab8aa5cda6fcd5146d8d20cbaa71b5",
                "sha256:80a38b188d20c0524fe8959c8ce770a8fdf0e617c6912d23fc97c68301bb9aba",
                "sha256:8f0ec6b9b3832e0bd1d57af41f9238ea7709bbd7271f639024f2fc9d3bb01293",
                "sha256:92282c83547a9add85ad658143c76a64a8d339028926d7dc1998ca029c88ea6a",
                "sha256:94150231f1e90c9595ccc80d7d2006c61f90a5995db82bccbca7944fd457f0f6",
                "sha256:9dc9006dcc47e00a8a6a029eb035c8f696ad38e40a27d073a003d7d1443f5d88",
                "sha256:a76979f728dd845655026ab991df25d26379a1a8fc1e9e68e25c7eda43004bed",
                "sha256:aa8eba3db3d8761db161003e2d0586608092e217151d7458206e243be5a43843",
                "sha256:bea760a63ce9bba566c23f726d72b3c0250e2fa2569909e2d83cda1534c79443",
                "sha256:c3f511a3c58676147c277eff0224c061dd5a6a8e1373572ac817ac6324f1b1e0",
                "sha256:c9d317efde4bafbc1561509bfa8a23c5cab66c44d49ab5b63ff690f5159b2304",
                "sha256:cc411ad324a4486b142c41d9b2b6a722c534096963688d879ea6fa8a35028258",
                "sha256:cdc13a1682b2a6241080745b1953719e7fe0850b40a5c71ca574f090a1391df6",
                "sha256:cfd7c5dd3c35c19cec59c63df9571c67c6d6e5c92e0fe63517920e97f61106d1",
                "sha256:e1cacf4796b20865789083252186ce9dc6cc59eca0c2e79cca332bdff24ac481",
                "sha256:e70d4e467e243455492f5de463b72151cc400710ac03a0678206a5f27e79ddef",
                "sha256:ecc930ae559ea8a43377e8b60ca6f8d61ac532fc57efb915d899de4a67928efd",
                "sha256:f161af26f596131b63b236372e4ce40f3167c1b5b5d459b29d2514bd8c9dc9ee"
            ],
            "version": "==4.5.2"
        },
        "ninja": {
            "hashes": [
                "sha256:18bd4ebc6cef30981e966609362090a0d99aeca29a63ca83a3688305f1c35222",
                "sha256:39f9ab35f52b540777b77cc889ffed37182c7d55bec00f658f6f74bd5b1a4377",
                "sha256:3c206a4b8b896f396aeabfc0dbd99d84bc01306a3e07568d28d5536c24cbeaa3",
                "sha256:3d4b1a3fa4d68c9dc74f50875c9bfe4eaaf495b5205d12526aea95043488c8b6",
                "sha256:5ae857e0283acbf4b3645756d9e8217fddbe1f41dfe33e2c40dc79cb69706a8c",
                "sha256:607211b652a32006cda8a72a1496c348ddadcbe30986ff264e7354972fa3194e",
                "sha256:6ba8b42193600bfbde76dc32d7f6fd5675e253a9e5d7caad4a2735a84a72d491",
                "sha256:760de263a261919fc97cf1fd30d2dd8902dd89d5165d6cbf80ce3d66a39fff11",
                "sha256:9897b92c626caabe51fce04a9be851f635ed828a55c558a9cf1a75571b4c4fce",
                "sha256:ddfac074ae408e42c617cd44f90a95bf6db94f0c846c95ef2a3a9a03438027a1",
                "sha256:fa6d68b4f65aca57594d3cccfcf8fa7c8a311e93c55eed8043cabc439617d7b7"
            ],
            "index": "pypi",
            "version": "==1.10.0.post1"
        },
        "opentype-sanitizer": {
            "hashes": [
                "sha256:2902b24ace3a29e7741f224c9d12a3701d14b05e2cf3a029bfcf880da2bd3eb8",
                "sha256:2b89d5d0ae4be5720921f3c2952a1be21fd8c8dbba5c4546e31b47cd20115c1e",
                "sha256:3731cd771c00b5eaa0a0828b4cc3cd85e8c2c288389f241e6ece951bca8df58b",
                "sha256:830459522d511b9659a318b197e2c241985ef89e10e2cd273ebdb7fcb9b93cba",
                "sha256:95bbd6ce193841654aef95237e95197addbc0495daa9da2947f64f5ccd86ef38"
            ],
            "version": "==8.0.0.post2"
        },
        "protobuf": {
            "hashes": [
                "sha256:0b00429b87821f1e6f3d641327864e6f271763ae61799f7540bc58a352825fe2",
                "sha256:2636c689a6a2441da9a2ef922a21f9b8bfd5dfe676abd77d788db4b36ea86bee",
                "sha256:2becd0e238ae34caf96fa7365b87f65b88aebcf7864dfe5ab461c5005f4256d9",
                "sha256:2db6940c1914fa3fbfabc0e7c8193d9e18b01dbb4650acac249b113be3ba8d9e",
                "sha256:32f0bcdf85e0040f36b4f548c71177027f2a618cab00ba235197fa9e230b7289",
                "sha256:3d59825cba9447e8f4fcacc1f3c892cafd28b964e152629b3f420a2fb5918b5a",
                "sha256:4794a7748ee645d2ae305f3f4f0abd459e789c973b5bc338008960f83e0c554b",
                "sha256:50b7bb2124f6a1fb0ddc6a44428ae3a21e619ad2cdf08130ac6c00534998ef07",
                "sha256:6009f3ebe761fad319b52199a49f1efa7a3729302947a78a3f5ea8e7e89e3ac2",
                "sha256:a7b6cf201e67132ca99b8a6c4812fab541fdce1ceb54bb6f66bc336ab7259138",
                "sha256:b6842284bb15f1b19c50c5fd496f1e2a4cfefdbdfa5d25c02620cb82793295a7",
                "sha256:c0c8d7c8f07eacd9e98a907941b56e57883cf83de069cfaeaa7e02c582f72ddb",
                "sha256:c99e5aea75b6f2b29c8d8da5bdc5f5ed8d9a5b4f15115c8316a3f0a850f94656",
                "sha256:e2bd5c98952db3f1bb1af2e81b6a208909d3b8a2d32f7525c5cc10a6338b6593",
                "sha256:e77ca4e1403b363a88bde9e31c11d093565e925e1685f40b29385a52f2320794",
                "sha256:ef991cbe34d7bb935ba6349406a210d3558b9379c21621c6ed7b99112af7350e",
                "sha256:f10ba89f9cd508dc00e469918552925ef7cba38d101ca47af1e78f2f9982c6b3",
                "sha256:f1796e0eb911bf5b08e76b753953effbeb6bc42c95c16597177f627eaa52c375"
            ],
            "version": "==3.12.4"
        },
        "pytz": {
            "hashes": [
                "sha256:a494d53b6d39c3c6e44c3bec237336e14305e4f29bbf800b599253057fbb79ed",
                "sha256:c35965d010ce31b23eeb663ed3cc8c906275d6be1a34393a1d73a41febf4a048"
            ],
            "version": "==2020.1"
        },
        "requests": {
            "hashes": [
                "sha256:b3559a131db72c33ee969480840fff4bb6dd111de7dd27c8ee1f820f4f00231b",
                "sha256:fe75cc94a9443b9246fc7049224f75604b113c36acb93f87b80ed42c44cbb898"
            ],
            "version": "==2.24.0"
        },
        "six": {
            "hashes": [
                "sha256:30639c035cdb23534cd4aa2dd52c3bf48f06e5f4a941509c8bafd8ce11080259",
                "sha256:8b74bedcbbbaca38ff6d7491d76f2b06b3592611af620f8426e82dddb04a5ced"
            ],
            "version": "==1.15.0"
        },
        "smmap": {
            "hashes": [
                "sha256:54c44c197c819d5ef1991799a7e30b662d1e520f2ac75c9efbeb54a742214cf4",
                "sha256:9c98bbd1f9786d22f14b3d4126894d56befb835ec90cef151af566c7e19b5d24"
            ],
            "version": "==3.0.4"
        },
        "soupsieve": {
            "hashes": [
                "sha256:1634eea42ab371d3d346309b93df7870a88610f0725d47528be902a0d95ecc55",
                "sha256:a59dc181727e95d25f781f0eb4fd1825ff45590ec8ff49eadfd7f1a537cc0232"
            ],
            "version": "==2.0.1"
        },
        "ttfautohint-py": {
            "hashes": [
                "sha256:4b227adceda5d6e8cb7fa7a952fc32b375d66bf36d02368710b096a1dc51bebb",
                "sha256:ba17f6f1cb8ab4927725d995e5b04d7ea7ad182262f879a0939010a1039102a8",
                "sha256:ceaac02b3e63c2b9edabb24af777d5ab0fcde568540f9a919b73a37c92c585cb",
                "sha256:f000fe9d99ab75e2fc6ca4bb7161ddf392974a86dca878a92484498489759d03"
            ],
            "version": "==0.4.3"
        },
        "ufolint": {
            "hashes": [
                "sha256:47b95a9e41a12f483abee8d37e05558f2cd0fc1c1c698b840d9c071ca404c3a3",
                "sha256:f80b1b5f9bfc357dc8493143687334a6b6b744522cd06c13567d01a47bcd0179"
            ],
            "version": "==1.0.0"
        },
        "unicodedata2": {
            "hashes": [
                "sha256:084186dfe2b7284d3e78d7120efde6df995f0ec9dea225bc70dafe103601a931",
                "sha256:08bed68570fe665f3627056cd7efc8d45f682d1ad442361f5e6caf2ed1c177ba",
                "sha256:102a9610e0947e125772ab228059c7e919b35237d6888a5fcdfbbb732a8e6a58",
                "sha256:147e9b3f9363d774e79ec11c5cb8d1bc4bc6043b7c98ed82656fcd6c95e26a7f",
                "sha256:14ce249af737e35bd7973d178b69a8ff4794841beca1b620dae1b6c22dd2f9d2",
                "sha256:26ad36d7a1c6ab652d66e29e844b4d2afd71c718d37a85140bba64b228eb3adc",
                "sha256:35c1eb9de478b72164e062c7cb67e7594e829fc7ff718cb5b125e6240257291a",
                "sha256:3600d241a189e543be50412ce53e02db3120d8cae4c3add38a6cc443e853903a",
                "sha256:4d2aed77b06c1b6e74a15c0d56c3af7d16072e4abf4dbe55635e7a7ceb123e88",
                "sha256:6fd926c8a3d0ab4b8f36c94df9a8540cb8a77221c8936a2f546483fbdf38b3e5",
                "sha256:741919f9f1794bb89934598167b85934bccb50900e246b3af8805570e816215d",
                "sha256:7ff3da0536bc9e447abbe702b8032b4469f6e9726ed66527eb9656b9a90f376c",
                "sha256:8c9a60d73d7baea980dc45d23e8a33d7734e94e2c8712ed68b46849e88683726",
                "sha256:92b5cc2ed195f03cf2fac1226cbc825f2df9f0cf2fc8b6f13d1292251bf6f6d6",
                "sha256:95173328ee8010f30bcfad6e69f47bc22256049e276bff29d28d8a52e65e0e70",
                "sha256:97aaa94497a6fcdc75f7afcc35eccd5061467298b600f473304582f32e27e30f",
                "sha256:a5e1ad768e8366b882b0bc3c7b06f48c14df6d3e75c25baccf7af11655e4d742",
                "sha256:a83e504fb0e8ed4757194e61c3f7b69fb3c914856057bea968d0950f80f947fa",
                "sha256:abecf04a0cc2c72d48173ddfc3dadf9397d64ce9724a08b0f052920707a5a9ec",
                "sha256:ba94e331ad771093bedd8341186d2f909dd7c8328dd99c15dc8f6d5730b38ab3",
                "sha256:cca8965804c9765a22f2bc7241a944cd58539c0b8d92f7933ec1cfc44804067a",
                "sha256:d4e3312b6c7b98516a52243023d6c74c986cd6ce2bcad65bfa895a2b0c905426",
                "sha256:da52826de69076a277d5460ee36d95db7cc1a12d4f2ffb45807dcaf0488094d9",
                "sha256:db2c63a214720caead3a8eba87b593558e0cb7dddbafaaa0a5d91f98553e8aad",
                "sha256:e3561d2a1ab55882723b78d9f91b7f98e708bfe3587982e67813947051db3502",
                "sha256:e5b992e4db51488a9756718f29cdad025cd2b7f6694d49524eca9723b21d000a",
                "sha256:f60ab375275073a8328f21e1bac0bf3b17956aff910c1f868befbbf78c3cd02f"
            ],
            "version": "==13.0.0.post2"
        },
        "urllib3": {
            "hashes": [
                "sha256:91056c15fa70756691db97756772bb1eb9678fa585d9184f24534b100dc60f4a",
                "sha256:e7983572181f5e1522d9c98453462384ee92a0be7fac5f1413a1e35c56cc0461"
            ],
            "version": "==1.25.10"
        }
    },
    "develop": {}
}
